%{
  "escape": {:hex, :escape, "0.1.0", "548edab75e6e6938b1e199ef59cb8e504bcfd3bcf83471d4ae9a3c7a7a3c7d45", [:mix], [], "hexpm", "a5d8e92db4677155df54bc1306d401b5233875d570d474201db03cb3047491cd"},
  "glob_ex": {:hex, :glob_ex, "0.1.11", "cb50d3f1ef53f6ca04d6252c7fde09fd7a1cf63387714fe96f340a1349e62c93", [:mix], [], "hexpm", "342729363056e3145e61766b416769984c329e4378f1d558b63e341020525de4"},
  "rewrite": {:hex, :rewrite, "1.1.0", "69f869fd6460cde30ae90b09895e42d1840cbdb903802650a28a6959c4777971", [:mix], [{:glob_ex, "~> 0.1", [hex: :glob_ex, repo: "hexpm", optional: false]}, {:sourceror, "~> 1.0", [hex: :sourceror, repo: "hexpm", optional: false]}, {:text_diff, "~> 0.1", [hex: :text_diff, repo: "hexpm", optional: false]}], "hexpm", "adcdd3623a055703c8ecfe4dd24f695ff9d9e1ec6b09c023080999808ff4096e"},
  "sourceror": {:hex, :sourceror, "1.7.1", "599d78f4cc2be7d55c9c4fd0a8d772fd0478e3a50e726697c20d13d02aa056d4", [:mix], [], "hexpm", "cd6f268fe29fa00afbc535e215158680a0662b357dc784646d7dff28ac65a0fc"},
  "text_diff": {:hex, :text_diff, "0.1.0", "1caf3175e11a53a9a139bc9339bd607c47b9e376b073d4571c031913317fecaa", [:mix], [], "hexpm", "d1ffaaecab338e49357b6daa82e435f877e0649041ace7755583a0ea3362dbd7"},
}
