%{
  "bunt": {:hex, :bunt, "0.2.1", "e2d4792f7bc0ced7583ab54922808919518d0e57ee162901a16a1b6664ef3b14", [:mix], [], "hexpm", "a330bfb4245239787b15005e66ae6845c9cd524a288f0d141c148b02603777a5"},
  "credo": {:hex, :credo, "1.7.0", "6119bee47272e85995598ee04f2ebbed3e947678dee048d10b5feca139435f75", [:mix], [{:bunt, "~> 0.2.1", [hex: :bunt, repo: "hexpm", optional: false]}, {:file_system, "~> 0.2.8", [hex: :file_system, repo: "hexpm", optional: false]}, {:jason, "~> 1.0", [hex: :jason, repo: "hexpm", optional: false]}], "hexpm", "6839fcf63d1f0d1c0f450abc8564a57c43d644077ab96f2934563e68b8a769d7"},
  "deep_merge": {:hex, :deep_merge, "1.0.0", "b4aa1a0d1acac393bdf38b2291af38cb1d4a52806cf7a4906f718e1feb5ee961", [:mix], [], "hexpm", "ce708e5f094b9cd4e8f2be4f00d2f4250c4095be93f8cd6d018c753894885430"},
  "file_system": {:hex, :file_system, "0.2.10", "fb082005a9cd1711c05b5248710f8826b02d7d1784e7c3451f9c1231d4fc162d", [:mix], [], "hexpm", "41195edbfb562a593726eda3b3e8b103a309b733ad25f3d642ba49696bf715dc"},
  "freedom_formatter": {:hex, :freedom_formatter, "2.1.0", "0578dce24ee370cfcd84306166fbf121b65e51482e7be7e96f4062982f929bfa", [:mix], [], "hexpm", "6522fd7f78214c48cfe7ff6d269a56819ec004a09cd1c08809a3ab895504ee01"},
  "glob_ex": {:hex, :glob_ex, "0.1.4", "fc69cb3f6df9138a1e36e9aa041ef2eab0d4dfe916331425f6bac290d1977e79", [:mix], [], "hexpm", "583d35559dc5b17f14612f7153aaaf6dcc13edf2e383126e2dfb5f2d19c78b89"},
  "jason": {:hex, :jason, "1.4.1", "af1504e35f629ddcdd6addb3513c3853991f694921b1b9368b0bd32beb9f1b63", [:mix], [{:decimal, "~> 1.0 or ~> 2.0", [hex: :decimal, repo: "hexpm", optional: true]}], "hexpm", "fbb01ecdfd565b56261302f7e1fcc27c4fb8f32d56eab74db621fc154604a7a1"},
  "rewrite": {:hex, :rewrite, "0.8.0", "31799e7a1f74cc0e3c3a18879d1cf3df4c4120560c621960b1784c40a081c1b8", [:mix], [{:glob_ex, "~> 0.1", [hex: :glob_ex, repo: "hexpm", optional: false]}, {:sourceror, "~> 0.13", [hex: :sourceror, repo: "hexpm", optional: false]}], "hexpm", "200df550432f0f1029d9dd28bc1578db032a61e71ea629b14d7ef5b97a6a8205"},
  "sourceror": {:hex, :sourceror, "0.13.0", "c6ecc96ee3ae0e042e9082a9550a1989ea40182492dc29024a8d9d2b136e5014", [:mix], [], "hexpm", "d0a819491061cd26bfa4450d1c84301a410c19c1782a6577ce15853fc0e7e4e1"},
}
